PODS:
  - Alamofire (4.4.0)
  - AlamofireRSSParser (2.0.0):
    - Alamofire
  - Kingfisher (3.6.2)

DEPENDENCIES:
  - Alamofire (~> 4.4)
  - AlamofireRSSParser
  - Kingfisher (~> 3.0)

SPEC CHECKSUMS:
  Alamofire: dc44b1600b800eb63da6a19039a0083d62a6a62d
  AlamofireRSSParser: bbad0689d597704025c4f101a1a31698fa2c1920
  Kingfisher: 2c94e72c6830622c71d06adf4ea024c37d316830

PODFILE CHECKSUM: 2b26de95f535043582689c54cd174fa581bacb6a

COCOAPODS: 1.2.1
